{
  "pins" : [
    {
      "identity" : "keychainaccess",
      "kind" : "remoteSourceControl",
      "location" : "https://github.com/kishikawakatsumi/KeychainAccess.git",
      "state" : {
        "branch" : "master",
        "revision" : "e0c7eebc5a4465a3c4680764f26b7a61f567cdaf"
      }
    },
    {
      "identity" : "map",
      "kind" : "remoteSourceControl",
      "location" : "https://github.com/semvis123/Map",
      "state" : {
        "branch" : "main",
        "revision" : "5bab776ad2c33b81e6262c4e23a4dc4f825bea84"
      }
    }
  ],
  "version" : 2
}
